
Microsoft Visual Studio Solution File, Format Version 12.00
# Visual Studio Version 16
VisualStudioVersion = 16.0.29230.47
MinimumVisualStudioVersion = 10.0.40219.1
Project("{FAE04EC0-301F-11D3-BF4B-00C04F79EFBC}") = "mvc", "mvc.csproj", "{DB0E867B-A8AA-44AE-BC50-7CECF9BA526C}"
EndProject
Global
	GlobalSection(SolutionConfigurationPlatforms) = preSolution
		Debug|Any CPU = Debug|Any CPU
		Release|Any CPU = Release|Any CPU
	EndGlobalSection
	GlobalSection(ProjectConfigurationPlatforms) = postSolution
		{DB0E867B-A8AA-44AE-BC50-7CECF9BA526C}.Debug|Any CPU.ActiveCfg = Debug|Any CPU
		{DB0E867B-A8AA-44AE-BC50-7CECF9BA526C}.Debug|Any CPU.Build.0 = Debug|Any CPU
		{DB0E867B-A8AA-44AE-BC50-7CECF9BA526C}.Release|Any CPU.ActiveCfg = Release|Any CPU
		{DB0E867B-A8AA-44AE-BC50-7CECF9BA526C}.Release|Any CPU.Build.0 = Release|Any CPU
	EndGlobalSection
	GlobalSection(SolutionProperties) = preSolution
		HideSolutionNode = FALSE
	EndGlobalSection
	GlobalSection(ExtensibilityGlobals) = postSolution
		SolutionGuid = {80925E6D-88A4-4AE5-ACEA-B976C8F8168A}
	EndGlobalSection
EndGlobal
